
Microsoft Visual Studio Solution File, Format Version 12.00
# Visual Studio Version 17
VisualStudioVersion = 17.9.34723.18
MinimumVisualStudioVersion = 10.0.40219.1
Project("{FAE04EC0-301F-11D3-BF4B-00C04F79EFBC}") = "Backend", "Backend\Backend.csproj", "{8EE88ED5-D575-4B91-94FB-EDD9E75ECEA9}"
EndProject
Global
	GlobalSection(SolutionConfigurationPlatforms) = preSolution
		Debug|Any CPU = Debug|Any CPU
		Release|Any CPU = Release|Any CPU
	EndGlobalSection
	GlobalSection(ProjectConfigurationPlatforms) = postSolution
		{8EE88ED5-D575-4B91-94FB-EDD9E75ECEA9}.Debug|Any CPU.ActiveCfg = Debug|Any CPU
		{8EE88ED5-D575-4B91-94FB-EDD9E75ECEA9}.Debug|Any CPU.Build.0 = Debug|Any CPU
		{8EE88ED5-D575-4B91-94FB-EDD9E75ECEA9}.Release|Any CPU.ActiveCfg = Release|Any CPU
		{8EE88ED5-D575-4B91-94FB-EDD9E75ECEA9}.Release|Any CPU.Build.0 = Release|Any CPU
	EndGlobalSection
	GlobalSection(SolutionProperties) = preSolution
		HideSolutionNode = FALSE
	EndGlobalSection
	GlobalSection(ExtensibilityGlobals) = postSolution
		SolutionGuid = {A947FE40-E1A9-4F4D-891C-8607AC775D2B}
	EndGlobalSection
EndGlobal
